
Microsoft Visual Studio Solution File, Format Version 12.00
# Visual Studio Version 17
VisualStudioVersion = 17.14.36518.9 d17.14
MinimumVisualStudioVersion = 10.0.40219.1
Project("{FAE04EC0-301F-11D3-BF4B-00C04F79EFBC}") = "Book Shop Management System", "Book Shop Management System.csproj", "{090B7D92-F5B7-4339-8C91-C9DDFD2A5D57}"
EndProject
Global
	GlobalSection(SolutionConfigurationPlatforms) = preSolution
		Debug|Any CPU = Debug|Any CPU
		Release|Any CPU = Release|Any CPU
	EndGlobalSection
	GlobalSection(ProjectConfigurationPlatforms) = postSolution
		{090B7D92-F5B7-4339-8C91-C9DDFD2A5D57}.Debug|Any CPU.ActiveCfg = Debug|Any CPU
		{090B7D92-F5B7-4339-8C91-C9DDFD2A5D57}.Debug|Any CPU.Build.0 = Debug|Any CPU
		{090B7D92-F5B7-4339-8C91-C9DDFD2A5D57}.Release|Any CPU.ActiveCfg = Release|Any CPU
		{090B7D92-F5B7-4339-8C91-C9DDFD2A5D57}.Release|Any CPU.Build.0 = Release|Any CPU
	EndGlobalSection
	GlobalSection(SolutionProperties) = preSolution
		HideSolutionNode = FALSE
	EndGlobalSection
	GlobalSection(ExtensibilityGlobals) = postSolution
		SolutionGuid = {87980F51-26DA-4B38-B15E-CFF11191AA3A}
	EndGlobalSection
EndGlobal
